version = 1
revision = 5
requires-python = ">=3.14"

[[package]]
name = "dill"
version = "0.4.1"
source = { registry = "https://pypi.org/simple" }
sdist = { url = "https://files.pythonhosted.org/packages/81/e1/56027a71e31b02ddc53c7d65b01e68edf64dea2932122fe7746a516f75d5/dill-0.4.1.tar.gz", hash = "sha256:423092df4182177d4d8ba8290c8a5b640c66ab35ec7da59ccfa00f6fa3eea5fa", size = 187315, upload-time = "2026-01-19T02:36:56.85Z" }
wheels = [
    { url = "https://files.pythonhosted.org/packages/1e/77/dc8c558f7593132cf8fefec57c4f60c83b16941c574ac5f619abb3ae7933/dill-0.4.1-py3-none-any.whl", hash = "sha256:1e1ce33e978ae97fcfcff5638477032b801c46c7c65cf717f95fbc2248f79a9d", size = 120019, upload-time = "2026-01-19T02:36:55.663Z" },
]

[[package]]
name = "numpy"
version = "2.5.4"
source = { registry = "https://pypi.org/simple" }
sdist = { url = "https://files.pythonhosted.org/packages/95/b0/c7453d0b6e2073c3264468b106ee1563750cecc910965e67357e3698c83e/numpy-2.5.4.tar.gz", hash = "sha256:9a94cf751c9ad8ebaa835bcd3d40dacf8534ad086b88c38029b65123c7999d2a", size = 20866315, upload-time = "2026-10-10T20:05:31.422Z" }
wheels = [
    { url = "https://files.pythonhosted.org/packages/99/ba/005cb5edd580d2f84d7ca3206b92dc17d4388e56e6f87ffe8f2762f83139/numpy-2.5.4-cp314-cp314-macosx_10_15_x86_64.whl", hash = "sha256:c668b2f0d651605b58892644b0e302c7157f7159544227758c896982ef384b18", size = 17005499, upload-time = "2026-10-10T20:03:37.961Z" },
    { url = "https://files.pythonhosted.org/packages/f3/49/fee7587c33ee35f7977f9051d7f2023d4e7246d62710c80f20c2361ea232/numpy-2.5.4-cp314-cp314-macosx_11_0_arm64.whl", hash = "sha256:ffa6ce09a1c6a08e9667dd9c97aa0b14184e8d18f2a14b78b2a2328c9147f076", size = 12019666, upload-time = "2026-10-10T20:03:40.606Z" },
    { url = "https://files.pythonhosted.org/packages/d5/b2/c6ce165acffceb15a82c07b9cc77d391f86b3f379ba62911908ae5d34b91/numpy-2.5.4-cp314-cp314-macosx_14_0_arm64.whl", hash = "sha256:956555e0603a4d38019ae6925711cb9dc43195c076a928accf7ea5d50bddfe53", size = 5455617, upload-time = "2026-10-10T20:03:43.138Z" },
    { url = "https://files.pythonhosted.org/packages/77/7f/dd85ce260a669a89be06842cf355d7353a33e6cfbc590fb8ebb947d88dc9/numpy-2.5.4-cp314-cp314-macosx_14_0_x86_64.whl", hash = "sha256:2c2c4afffdeb7920e445028dd71eb932cac3e704792e964bc2a232426d4f1255", size = 6791932, upload-time = "2026-10-10T20:03:44.874Z" },
    { url = "https://files.pythonhosted.org/packages/63/d6/34b0a2b0741386a63025a65a2c09caaaaaad6d0ca95b66cd65c30dd7fcb5/numpy-2.5.4-cp314-cp314-manylinux_2_27_aarch64.manylinux_2_28_aarch64.whl", hash = "sha256:4054173604cd8658796053f1f3bc0befb68ec1c0762c57fdad61e199256a8617", size = 15710899, upload-time = "2026-10-10T20:03:46.839Z" },
    { url = "https://files.pythonhosted.org/packages/16/d5/928078d2b28f26829b138b4a6c3980045022fb409f570657a224ae60ef4e/numpy-2.5.4-cp314-cp314-manylinux_2_27_x86_64.manylinux_2_28_x86_64.whl", hash = "sha256:d549420b8858885cea8838a727842249218b9c1da24dd517e25c9c7a948310a3", size = 16721710, upload-time = "2026-10-10T20:03:49.489Z" },
    { url = "https://files.pythonhosted.org/packages/f9/cf/673fd1b8f4cd78eb6320e87ec4c90ac19c095644259e3749853a405c70f4/numpy-2.5.4-cp314-cp314-musllinux_1_2_aarch64.whl", hash = "sha256:823874a507a84af050493b622affde94b6f7c3a0dc22cb2801381bc03b871c00", size = 17066182, upload-time = "2026-10-10T20:03:52.25Z" },
    { url = "https://files.pythonhosted.org/packages/f3/92/a77b5061b1b3e2643928c37976d79ee173e1b171ed158b7a3c61056b41bc/numpy-2.5.4-cp314-cp314-musllinux_1_2_x86_64.whl", hash = "sha256:4e263278bfb5ee6409db8aedbc4cc32973b1b82bc1e8d3c668551d04d83a7e37", size = 18480315, upload-time = "2026-10-10T20:03:55.39Z" },
    { url = "https://files.pythonhosted.org/packages/bb/1d/1486ef3d3fb2279fd93c4c43c1bbbf1ca389a19816696684409f71babaab/numpy-2.5.4-cp314-cp314-win32.whl", hash = "sha256:cfd73180400042a7c532d30c5e287bdd03c59ff9ee1b4c0316af0539e29dfe23", size = 6185739, upload-time = "2026-10-10T20:03:58.186Z" },
    { url = "https://files.pythonhosted.org/packages/52/9a/e1e512ebc948d5b9dd33b08736760f0ebbed2848fd4eda1f553088a6dcee/numpy-2.5.4-cp314-cp314-win_amd64.whl", hash = "sha256:2ca144f15135b6212a5c47b1e2aeca6e412f102f95a2d5d88d8aec77eb255de3", size = 12703552, upload-time = "2026-10-10T20:04:00.28Z" },
    { url = "https://files.pythonhosted.org/packages/2c/05/de709a982d7bbcd688a3fad71f002e9ff80c2db39e03ee726609b610f1d1/numpy-2.5.4-cp314-cp314-win_arm64.whl", hash = "sha256:468397ba3c64427474706e5c9123fe266395496714dc684294eac75cd4930d1e", size = 10803901, upload-time = "2026-10-10T20:04:02.659Z" },
    { url = "https://files.pythonhosted.org/packages/13/34/083570ada3bb2a30fbe5d77c8c6fef9141144a15d33e6f793a67e9749ab8/numpy-2.5.4-cp314-cp314t-macosx_11_0_arm64.whl", hash = "sha256:1ef3aa6d7e29bb13677323114280b05acc57607fa2300e66432d665d5418a162", size = 12138695, upload-time = "2026-10-10T20:04:05.012Z" },
    { url = "https://files.pythonhosted.org/packages/94/06/1f9c24db48eef0c2d1207e3b11fffb0478e39dfd8c1e1be7476936885eed/numpy-2.5.4-cp314-cp314t-macosx_14_0_arm64.whl", hash = "sha256:98b053943e5a0474ec0da309d2cb9d3f18ea57f8a2067c2ab7b5f763d1068380", size = 5574615, upload-time = "2026-10-10T20:04:07.316Z" },
    { url = "https://files.pythonhosted.org/packages/da/0f/593fba2e1560e949123bc7d2fc48b5893d56e58cd4bd5a273d2fbf60b220/numpy-2.5.4-cp314-cp314t-macosx_14_0_x86_64.whl", hash = "sha256:b64a85f40e154983960a4167d4c1d57a50c7f109b3d3264a3a984154e90a8454", size = 6889383, upload-time = "2026-10-10T20:04:09.918Z" },
    { url = "https://files.pythonhosted.org/packages/eb/9f/b799dfdce4e05e80ed4bc815c71ff343a11533b2c0ffc221cae8538cda63/numpy-2.5.4-cp314-cp314t-manylinux_2_27_aarch64.manylinux_2_28_aarch64.whl", hash = "sha256:a813ed7719bf45463c51779e6a98d0385fe905e48447526938a4b8337333d551", size = 15753763, upload-time = "2026-10-10T20:04:12.278Z" },
    { url = "https://files.pythonhosted.org/packages/34/88/16c5f12f86f5ad2817c4d103205131fc6c8acb3d1878af05a1a4f23ec859/numpy-2.5.4-cp314-cp314t-manylinux_2_27_x86_64.manylinux_2_28_x86_64.whl", hash = "sha256:c9b80cdf5cedba0e90d93fa5f9a333c4d65bd545cd669b71bb97ce2b703c9d73", size = 16757212, upload-time = "2026-10-10T20:04:14.799Z" },
    { url = "https://files.pythonhosted.org/packages/ff/4f/a1fe40e18a898e6a5089f4f0d891f0a493eb0574d5b34458f0fbe5aa3e5c/numpy-2.5.4-cp314-cp314t-musllinux_1_2_aarch64.whl", hash = "sha256:2199ed071f460487c8db2c0e5c0b564494190edb4772fe80f9aad88b2604def5", size = 17116471, upload-time = "2026-10-10T20:04:17.58Z" },
    { url = "https://files.pythonhosted.org/packages/aa/46/e923a11c78e65c1722e7aaad817c06bd591324174b9d28ce5d31eee4d432/numpy-2.5.4-cp314-cp314t-musllinux_1_2_x86_64.whl", hash = "sha256:64f9c9878c1938476365e11ccfb6b770f3b9e5f045ccddc514235041e6959365", size = 18524063, upload-time = "2026-10-10T20:04:20.365Z" },
    { url = "https://files.pythonhosted.org/packages/5a/fa/84ab064514440c1f64a1b21088f2c82756defdd05e07c75ab233899565b2/numpy-2.5.4-cp314-cp314t-win32.whl", hash = "sha256:64d1c8ac28a4077cf987e0a71a7a0ef7e2df70722f07f0baa42dbb7eb6938647", size = 6340926, upload-time = "2026-10-10T20:04:22.865Z" },
    { url = "https://files.pythonhosted.org/packages/7e/7e/6cd886876f435b10685db9b9f7eeb70356f99e052116f4e5f11c5792c714/numpy-2.5.4-cp314-cp314t-win_amd64.whl", hash = "sha256:067374eb538c34c745436365cf7b0112595c1d326f21ce4ff340f61230239fbb", size = 12901584, upload-time = "2026-10-10T20:04:24.99Z" },
    { url = "https://files.pythonhosted.org/packages/38/1b/3c1684f6a06f7307f2335fca6e486cb162847fb97e91d65f8eb5cabad213/numpy-2.5.4-cp314-cp314t-win_arm64.whl", hash = "sha256:e94aef2c639da4a960ad0db8e06471208d8589974953d78b61d345b4eb99e394", size = 10891152, upload-time = "2026-10-10T20:04:27.52Z" },
    { url = "https://files.pythonhosted.org/packages/08/f4/3224deff3af2bef6bc0b175369698d8cb348f3d91d9bb0286cd5c9eae9e0/numpy-2.5.4-cp315-cp315-macosx_10_15_x86_64.whl", hash = "sha256:8dddfbee2e68d26d0d7d7d9cb247b1fd4409241cce32d815a11d97ec2cfde179", size = 17003231, upload-time = "2026-10-10T20:04:30.021Z" },
    { url = "https://files.pythonhosted.org/packages/be/75/fee0b8c6d94b44b2fdfae74f6a4ad5a138739589a8aebaec28ce4e713ed5/numpy-2.5.4-cp315-cp315-macosx_11_0_arm64.whl", hash = "sha256:81e3420b27048b65eb14c3acf0c174a8cb0e023277716110347d2dcb26026dad", size = 12018300, upload-time = "2026-10-10T20:04:32.519Z" },
    { url = "https://files.pythonhosted.org/packages/47/c0/d0b335a499a04b65f532c3f034346ef390f81299060f928492dabc1e0272/numpy-2.5.4-cp315-cp315-macosx_14_0_arm64.whl", hash = "sha256:0b4724a19de67bea8cfc4970798efa78bcbbe2ac2613cfac16721a42d44de2a5", size = 5454250, upload-time = "2026-10-10T20:04:34.943Z" },
    { url = "https://files.pythonhosted.org/packages/5a/0e/461b3783c03d668052e6a21b01b673db6ffcb7831fd32d9aa5368c1cd426/numpy-2.5.4-cp315-cp315-macosx_14_0_x86_64.whl", hash = "sha256:2132418bf8dd124a427ca9e6a1daf9ee1a87185344c95119ceae868b99466da1", size = 6789644, upload-time = "2026-10-10T20:04:37.258Z" },
    { url = "https://files.pythonhosted.org/packages/b3/02/5dad269b02166965a7b4ca14adaddd75dbee0de42435bfecf561b84ba5a6/numpy-2.5.4-cp315-cp315-manylinux_2_27_aarch64.manylinux_2_28_aarch64.whl", hash = "sha256:325518d4245b9e331387702aa58c2ce1dc4cdcbb41dfb4ccd5dcbc7e08db1266", size = 15704353, upload-time = "2026-10-10T20:04:39.616Z" },
    { url = "https://files.pythonhosted.org/packages/93/3a/01360c8036822ed9f7aa32189a77d1476567ec1e8e1383522389e4faac45/numpy-2.5.4-cp315-cp315-manylinux_2_27_x86_64.manylinux_2_28_x86_64.whl", hash = "sha256:56733449d2544178beaa4545cee357370440cf056c197f9c7bfb19dbfdd0e86d", size = 16718648, upload-time = "2026-10-10T20:04:42.383Z" },
    { url = "https://files.pythonhosted.org/packages/7d/5c/b863a2c093c4d6f21a597fcaf24ead0835c09ab16a8312d5a5a8868af683/numpy-2.5.4-cp315-cp315-musllinux_1_2_aarch64.whl", hash = "sha256:5ec3753760c1a6d8bb91200666e545c3a9728e6269dfb5d6ce02340996698aa3", size = 17059053, upload-time = "2026-10-10T20:04:44.976Z" },
    { url = "https://files.pythonhosted.org/packages/0a/60/ced4f57f9a1258a0af74f17cb0b0c2700b5c67cd6678823c803b263e4df3/numpy-2.5.4-cp315-cp315-musllinux_1_2_x86_64.whl", hash = "sha256:b1185012870173de7ae33d370bd45b1cf5baee747ea4b97036b65f4e93016877", size = 18477406, upload-time = "2026-10-10T20:04:47.863Z" },
    { url = "https://files.pythonhosted.org/packages/f9/bd/0ef22dafaafcc7d4bb3ca26b8d2afbd55dedad8eaba99a8c864e1997456f/numpy-2.5.4-cp315-cp315-win32.whl", hash = "sha256:298eca75243f2cbbfdb460560b9fb2a1792a33cf2ab4286efd43d92e8d3df508", size = 6185133, upload-time = "2026-10-10T20:04:50.467Z" },
    { url = "https://files.pythonhosted.org/packages/50/bc/d2651b155ecc608a77e6f4d15495c11f14f19bb98f8bf0c5b0d38f86dda1/numpy-2.5.4-cp315-cp315-win_amd64.whl", hash = "sha256:332f3378fe077dd850e677ec01bdcc4f22368fb5d50ef10b2c79230b1bf5a592", size = 12703085, upload-time = "2026-10-10T20:04:52.63Z" },
    { url = "https://files.pythonhosted.org/packages/dc/d2/45e404f8abb26fb9eda12b94012936873e827b1be76f2ee7890be128312e/numpy-2.5.4-cp315-cp315-win_arm64.whl", hash = "sha256:d4cccbbc78717966f764cd3af4fb70276fa01fc7a2688af11c78901fa5c04f05", size = 10801451, upload-time = "2026-10-10T20:04:55.677Z" },
    { url = "https://files.pythonhosted.org/packages/c6/c3/2ae14e09cfdb67dc187a342e15308a21c15bf4d2071f8079e6aee5fe56dc/numpy-2.5.4-cp315-cp315t-macosx_10_15_x86_64.whl", hash = "sha256:950ea81d57ef070665581b6e1b5f6a029306423cd1739c5b95fe78aa30db6b9d", size = 17097121, upload-time = "2026-10-10T20:04:58.403Z" },
    { url = "https://files.pythonhosted.org/packages/f5/cf/305ae624ef8a039414317224abe9ec9c2fe7ea3c2e1cf204d43ff6b2ffb9/numpy-2.5.4-cp315-cp315t-macosx_11_0_arm64.whl", hash = "sha256:c05ede731b03fb1b7591faca9389ade3267d2bddf1ad8882bb3f2cc5e101694f", size = 12135439, upload-time = "2026-10-10T20:05:01.65Z" },
    { url = "https://files.pythonhosted.org/packages/a9/a8/f75c63813aef95827bb2c0d13b12803016853056e8792c280058cdbfe783/numpy-2.5.4-cp315-cp315t-macosx_14_0_arm64.whl", hash = "sha256:5fbf7141bbfd63aea22f435c9062a032b9ea0082fe9845dad7f021d3f1234e71", size = 5571451, upload-time = "2026-10-10T20:05:04.135Z" },
    { url = "https://files.pythonhosted.org/packages/6f/0f/f17763f983868b5c49b4101ebd7e00760bd1769478a6bb6a8de6e085bbac/numpy-2.5.4-cp315-cp315t-macosx_14_0_x86_64.whl", hash = "sha256:3573cd22564692a5b899ec344e5d5b9cc4576f2985b96f22af3564ed54f2710f", size = 6883356, upload-time = "2026-10-10T20:05:06.249Z" },
    { url = "https://files.pythonhosted.org/packages/67/a7/8af04c5a79e047996cfa38854dcfbececdd0343a7c933a46fdd03ef6f5da/numpy-2.5.4-cp315-cp315t-manylinux_2_27_aarch64.manylinux_2_28_aarch64.whl", hash = "sha256:6c109eac9cd439193678f69d70733c1108487546ca8eafc107b510ae10c1aecd", size = 15750991, upload-time = "2026-10-10T20:05:08.376Z" },
    { url = "https://files.pythonhosted.org/packages/57/7a/648254290d0c504faa8f2d07aa206660c728802c781a6f3fc68ab7cb5d71/numpy-2.5.4-cp315-cp315t-manylinux_2_27_x86_64.manylinux_2_28_x86_64.whl", hash = "sha256:80d6ef6e8620eb2c2b4c4caad50b5935d6db3cde2d51581b55dcc79e14016d1d", size = 16757675, upload-time = "2026-10-10T20:05:11.393Z" },
    { url = "https://files.pythonhosted.org/packages/b8/fe/4a8c3cdb0c70400cfe4c5bec42d3099a5673802a95064614b33e07b82aa1/numpy-2.5.4-cp315-cp315t-musllinux_1_2_aarch64.whl", hash = "sha256:77045a4b175bbf5316ec08003880804336c78f92281a1b72222b274ea85ec5ac", size = 17113846, upload-time = "2026-10-10T20:05:14.49Z" },
    { url = "https://files.pythonhosted.org/packages/1b/7e/619692bb67778702c0e9eb2d468568a7573f4e269386ea61aed01ee4e557/numpy-2.5.4-cp315-cp315t-musllinux_1_2_x86_64.whl", hash = "sha256:0f02a46e49cfb6c73bdb7aea1c0d3461dbae9aba613542b65f657cd3d17b9fab", size = 18522915, upload-time = "2026-10-10T20:05:17.33Z" },
    { url = "https://files.pythonhosted.org/packages/b7/b5/4da41c328788f575838f97a098fe8ca691ebc6f6fd73ad4a262ee40b184d/numpy-2.5.4-cp315-cp315t-win32.whl", hash = "sha256:ad62a416ddcf863bf44bba76fbf6b53366ab0692e294f51cae4b5fbe0d246788", size = 6335804, upload-time = "2026-10-10T20:05:19.921Z" },
    { url = "https://files.pythonhosted.org/packages/98/94/6482ddfa3d312490cb9358f375bf2ad56427dbea8769187158e94d653753/numpy-2.5.4-cp315-cp315t-win_amd64.whl", hash = "sha256:38f47be9f74ab870d2633b5456ae519c43758a8d1fd05342f0ce4ecc034396ee", size = 12890095, upload-time = "2026-10-10T20:05:21.875Z" },
    { url = "https://files.pythonhosted.org/packages/48/7f/c2d1b436b6e7cfebac140c2579a298344b85f2991a2ce5c3615cefb29400/numpy-2.5.4-cp315-cp315t-win_arm64.whl", hash = "sha256:7a14a461d9340f1b46b8648578aed9cdb8b3b018a8fac6c1dde2c9192a01a87f", size = 10883718, upload-time = "2026-10-10T20:05:28.547Z" },
]

[[package]]
name = "qiskit"
version = "2.5.2"
source = { registry = "https://pypi.org/simple" }
dependencies = [
    { name = "dill" },
    { name = "numpy" },
    { name = "rustworkx" },
    { name = "scipy" },
    { name = "stevedore" },
    { name = "typing-extensions" },
]
sdist = { url = "https://files.pythonhosted.org/packages/c3/b3/9e080540cf1dedc6ce36d9c346f0d1e17772fb646c09049b609271acf5a0/qiskit-2.5.2.tar.gz", hash = "sha256:cf05388c717392cff5d01be4ea9b45652c2709a5c697c174428d8863089b6247", size = 4261177, upload-time = "2026-08-13T19:08:14.183Z" }
wheels = [
    { url = "https://files.pythonhosted.org/packages/9c/66/92681da23c4f4502fabe16cb23c7c98d141ae1e25a2f14fdd8e351ae8ef8/qiskit-2.5.2-cp310-abi3-macosx_10_12_x86_64.whl", hash = "sha256:4aa7ddb0d9c1cd14298bf2fdd242646a5e0eaeebdebd2f31d5d2a018c75fa744", size = 9349327, upload-time = "2026-08-13T19:08:56.878Z" },
    { url = "https://files.pythonhosted.org/packages/60/c4/26f9f63a6954b69778b7401822e7855ed62194c959562e4ad3645e5ebfca/qiskit-2.5.2-cp310-abi3-macosx_11_0_arm64.whl", hash = "sha256:c559ee1e2a92b5ded6a130f1fd8dc4bea19a5b35e99d39180889746f12550666", size = 8740831, upload-time = "2026-08-13T19:08:04.199Z" },
    { url = "https://files.pythonhosted.org/packages/43/42/0eb83d0eefd6a1d3752db43839c327c39d67b2ef060b2b1da8fcd3424dc5/qiskit-2.5.2-cp310-abi3-manylinux_2_28_aarch64.whl", hash = "sha256:2835e38af67932e592562c7b1b6b7fadd015bd1101a1320e2c5051de12508428", size = 9035471, upload-time = "2026-08-13T19:08:06.86Z" },
    { url = "https://files.pythonhosted.org/packages/e0/37/b09591e2386b0c4773d2c405ace6e89552366fc798df7f3ee72b46b26603/qiskit-2.5.2-cp310-abi3-manylinux_2_28_ppc64le.whl", hash = "sha256:d7940da5ea03d638bace6f9cc47bb892502c85a9c05eebe1cbe3c0e693586109", size = 9954423, upload-time = "2026-08-13T19:08:59.707Z" },
    { url = "https://files.pythonhosted.org/packages/ed/92/404d085301365d79a06a1ae34b4292e35a510a22a32ec0b5a8e8ee1d87dd/qiskit-2.5.2-cp310-abi3-manylinux_2_28_s390x.whl", hash = "sha256:c2eab89804161dd927d25d521c6c43af1bcd17042e6b02124166d6d07a9c9cb1", size = 11160496, upload-time = "2026-08-13T19:09:02.586Z" },
    { url = "https://files.pythonhosted.org/packages/c4/32/1e411db90b68a6096275186e7fc57ea16d99355fc3b498182845dd5419ff/qiskit-2.5.2-cp310-abi3-manylinux_2_28_x86_64.whl", hash = "sha256:28fcb983e565b8f027a13ef43cda7aaeb1f1a6caf9df07408708abcf7bc0b59d", size = 9753072, upload-time = "2026-08-13T19:08:09.439Z" },
    { url = "https://files.pythonhosted.org/packages/c2/b4/61872b4ba4319c685615123739b25a3c42abc0f057c4a4889f7b3cad8c7b/qiskit-2.5.2-cp310-abi3-win_amd64.whl", hash = "sha256:d436cd45db22ea0132be815930d7c90343774756da9620dee68714968966f65e", size = 9451684, upload-time = "2026-08-13T19:08:11.872Z" },
]

[[package]]
name = "qiskit-gt"
version = "0.1.0"
source = { editable = "." }
dependencies = [
    { name = "numpy" },
    { name = "qiskit" },
    { name = "scipy" },
]

[package.metadata]
requires-dist = [
    { name = "numpy", specifier = ">=2.0" },
    { name = "qiskit", specifier = ">=2.0" },
    { name = "scipy", specifier = ">=1.10" },
]

[[package]]
name = "rustworkx"
version = "0.18.1"
source = { registry = "https://pypi.org/simple" }
dependencies = [
    { name = "numpy" },
]
sdist = { url = "https://files.pythonhosted.org/packages/86/0d/5b6b48005bbc19622ea7f295f2d5f1339474cb7893e57fd30e6553b2b534/rustworkx-0.18.1.tar.gz", hash = "sha256:30affe6ee52a6257a01152418f9c1686ca114e7ab4a3bf87bb87fe35b7350f3e", size = 896598, upload-time = "2026-07-30T00:19:08.074Z" }
wheels = [
    { url = "https://files.pythonhosted.org/packages/8d/1d/df08af787e15d10479e9c69278933904e5dfa716e9793bce6e48c4ef8fb1/rustworkx-0.18.1-cp310-abi3-macosx_10_12_x86_64.whl", hash = "sha256:c622843757ce6afd950b6f3c45b79f0078fb8d9a66f6783b5963594d1f9073bf", size = 2261725, upload-time = "2026-07-30T00:17:57.184Z" },
    { url = "https://files.pythonhosted.org/packages/54/e6/08c5d1e21d3f97f172210f409fa6de12684de1b36952ec7c1f4545cfb5af/rustworkx-0.18.1-cp310-abi3-macosx_11_0_arm64.whl", hash = "sha256:77103c119e71d816c04bcc60443184cae9550c1d49e5c28a046850252c0e9846", size = 2110294, upload-time = "2026-07-30T00:17:59.109Z" },
    { url = "https://files.pythonhosted.org/packages/a2/ec/80ffcc38ffd28798a31563485a7c35d7d7ccebad83d388717442731e7477/rustworkx-0.18.1-cp310-abi3-manylinux2014_x86_64.manylinux_2_17_x86_64.whl", hash = "sha256:1ebd2441a51c68a784df8c62dc2e6f1a9f58c0eb1c2e21fd59776e08f55c0c0b", size = 2366881, upload-time = "2026-07-30T00:18:00.777Z" },
    { url = "https://files.pythonhosted.org/packages/86/6c/e1483aea43fd8be81666cb103aea0f6127f71731de666c156e6b6f8c2338/rustworkx-0.18.1-cp310-abi3-manylinux_2_28_aarch64.whl", hash = "sha256:c42a0a52463ff78c0dd03426efa7b40b17b433689c2a5ab6aaaf14173c2a9e31", size = 2157792, upload-time = "2026-07-30T00:18:02.734Z" },
    { url = "https://files.pythonhosted.org/packages/04/46/b6df0cddd2e22ce7b0baf24c0e5a123df6dd29d007df601ebe7b25928088/rustworkx-0.18.1-cp310-abi3-manylinux_2_28_ppc64le.whl", hash = "sha256:ba997e8c22564bf17b110514fba530bfd0ee2868506c3e8e4b4bd3f388e87b3d", size = 2476541, upload-time = "2026-07-30T00:19:09.932Z" },
    { url = "https://files.pythonhosted.org/packages/08/ad/6e53d1db486697bb971a2d0623b1a67903825fb9e5a44ec993f04b8678c5/rustworkx-0.18.1-cp310-abi3-manylinux_2_28_s390x.whl", hash = "sha256:48d42983e62412e3ffc1e58c2ec55222ec82fc0e4c6dac576ee203d71091038e", size = 3102596, upload-time = "2026-07-30T00:19:07.669Z" },
    { url = "https://files.pythonhosted.org/packages/c5/80/f83b4469f4c2756c06741f7fd28209821827bee9e55217acdea63bbd71df/rustworkx-0.18.1-cp310-abi3-musllinux_1_2_aarch64.whl", hash = "sha256:5ebcdd8c55d91583c94aa62ef332de3a724b69a57ae2b5c9fcf7051f3b41fc88", size = 2223596, upload-time = "2026-07-30T00:18:04.558Z" },
    { url = "https://files.pythonhosted.org/packages/b4/c3/b24190513dee8bf5e26ac9ef2303e8cc0a27f33581dc7f0321a2ed5eb63e/rustworkx-0.18.1-cp310-abi3-musllinux_1_2_x86_64.whl", hash = "sha256:212d0a4b5ccec8cc8c3879dd1fd13b1e61894c708185f12eb63ae571349c4d95", size = 2413536, upload-time = "2026-07-30T00:18:06.2Z" },
    { url = "https://files.pythonhosted.org/packages/52/33/e8468d7dfb059aaaef3294099e1ff945c0f7bf8b7b11ad6d807ee0a171df/rustworkx-0.18.1-cp310-abi3-pyemscripten_2026_0_wasm32.whl", hash = "sha256:67dcdfcc3dfc8262f7627d2b3ae85ac74de1b1dcababf637a1116444c4adb621", size = 1328608, upload-time = "2026-07-30T00:19:05.143Z" },
    { url = "https://files.pythonhosted.org/packages/4a/00/d75ef40fc92267571b4547b0d04d8cb8c1583cfa2e437ee2d25df3dc8aff/rustworkx-0.18.1-cp310-abi3-win32.whl", hash = "sha256:f8ad39453d65c85111ba887377899d568ded6ecfb5384f3182483a23426b8f58", size = 2053170, upload-time = "2026-07-30T00:18:07.837Z" },
    { url = "https://files.pythonhosted.org/packages/3b/fc/c0961292208d5dda29eb8149ee395ac92fbfdff2649c5d8d2dd68f7a11a5/rustworkx-0.18.1-cp310-abi3-win_amd64.whl", hash = "sha256:91feb30971df6ac53d51503970e4aac67e4d9bc7834535f2b7cd3674645003ac", size = 2283143, upload-time = "2026-07-30T00:18:09.38Z" },
    { url = "https://files.pythonhosted.org/packages/a7/9f/99731c2932f7a8942e414630e4a24c1bda2242abc31b3c0df287a97e0a73/rustworkx-0.18.1-cp314-cp314t-macosx_10_15_x86_64.whl", hash = "sha256:685d4f69da6ecfd35110f4d7933c6fa392fb25c98f369b24032758d1c57d8055", size = 2308961, upload-time = "2026-07-30T00:18:11.634Z" },
    { url = "https://files.pythonhosted.org/packages/55/59/4977b72b142673f24bb97a30370ad0b8b806f2a4341587284b852ae205b7/rustworkx-0.18.1-cp314-cp314t-macosx_11_0_arm64.whl", hash = "sha256:63784612ccefb866ab1e07c48060a3f7ff5309629a263db6ba4a0d9a84581852", size = 2085289, upload-time = "2026-07-30T00:18:13.251Z" },
    { url = "https://files.pythonhosted.org/packages/ce/fd/32be334e665fa9e52a5ad89ad485e925dbd2b43ee60caa79322eff16ca37/rustworkx-0.18.1-cp314-cp314t-manylinux2014_x86_64.manylinux_2_17_x86_64.whl", hash = "sha256:8c771009dee311e207772ee17277887c3bd2fbd0de6a208e8019962ca4432008", size = 2344756, upload-time = "2026-07-30T00:18:15.232Z" },
    { url = "https://files.pythonhosted.org/packages/c8/c5/a911ca9918d0c47751bad7543df6881dbc697619641a1eed657ac70bbf7f/rustworkx-0.18.1-cp314-cp314t-manylinux_2_28_aarch64.whl", hash = "sha256:ebd6f2e28940eb983f254f7fe92b474651ac149e1bedfdaa4272dff22551cf4a", size = 2145576, upload-time = "2026-07-30T00:18:16.871Z" },
    { url = "https://files.pythonhosted.org/packages/82/ed/e6dd81cb4e26c14824dba74629537f36b77e3ae6303775897e6e27a7fbf6/rustworkx-0.18.1-cp314-cp314t-manylinux_2_28_ppc64le.whl", hash = "sha256:80a397a164003d9ff91c11357f9c34120c39bc33a62d095dcef2b75dd4feec51", size = 2448424, upload-time = "2026-07-30T00:19:11.853Z" },
    { url = "https://files.pythonhosted.org/packages/64/00/ebf78ee0fadb982aec66f8f85801725228a12a15c39577b39cc1ed45c221/rustworkx-0.18.1-cp314-cp314t-musllinux_1_2_aarch64.whl", hash = "sha256:b23264fcd2feb254ce5a1bea641cad9f97e06202c5c0904d5fc6abd95c6113ef", size = 2209102, upload-time = "2026-07-30T00:18:19.128Z" },
    { url = "https://files.pythonhosted.org/packages/37/0b/05bd31d19d0d74658f30c5bd584906c741a2e4d1fb8f5c08a0168c042553/rustworkx-0.18.1-cp314-cp314t-musllinux_1_2_x86_64.whl", hash = "sha256:aedc1b30330927810588b3dcf5e3032c5379cd19580fd01ec8e13f1cec55c30d", size = 2392538, upload-time = "2026-07-30T00:18:21.141Z" },
]

[[package]]
name = "scipy"
version = "1.18.1"
source = { registry = "https://pypi.org/simple" }
dependencies = [
    { name = "numpy" },
]
sdist = { url = "https://files.pythonhosted.org/packages/7e/74/66de6258867beb2ef08f35f9f2ac017a52cacd5081714d239ff1a442d458/scipy-1.18.1.tar.gz", hash = "sha256:52c4b7422442aba924d03ad4019852b08a92e64ea187b933135687bfe2747307", size = 30781235, upload-time = "2026-08-21T23:28:50.599Z" }
wheels = [
    { url = "https://files.pythonhosted.org/packages/06/d5/d8eb4e280ddb56a4ab2c6f02ee49b56b23f6e977cf0802fd6d68dbef14f5/scipy-1.18.1-cp314-cp314-macosx_10_15_x86_64.whl", hash = "sha256:83de5453a7799afc9048b4616bd085cef126e36412f0ea2f6370c36a2a3a51e7", size = 31090936, upload-time = "2026-08-21T23:25:28.686Z" },
    { url = "https://files.pythonhosted.org/packages/2a/49/59ea385dc3a62ff498ddf3cfff7c2b41b0f9f9d3c4122b3f1dcb6d6327fe/scipy-1.18.1-cp314-cp314-macosx_12_0_arm64.whl", hash = "sha256:9554bcc6d715ee87a633a3cc8e7703c6628b100dd29cb8a2efc4c0533c7ff729", size = 28725221, upload-time = "2026-08-21T23:25:33.244Z" },
    { url = "https://files.pythonhosted.org/packages/70/e8/6b0c288c50942d78193696c9f15f9a0874f5178aa0ddf40f83d9924b3e8d/scipy-1.18.1-cp314-cp314-macosx_14_0_arm64.whl", hash = "sha256:011413b7426b75012840e35649e00fe0a2c3bae89fed433876e3a99251572efc", size = 20466839, upload-time = "2026-08-21T23:25:37.516Z" },
    { url = "https://files.pythonhosted.org/packages/4b/e0/54fd3793c729e3b936782f181b59cbb1205bf250ab605a16cb1ba61cdd5e/scipy-1.18.1-cp314-cp314-macosx_14_0_x86_64.whl", hash = "sha256:88f0e784020649f88ea48c9f5ddfa403bf9205820667c0914740b392035afb82", size = 23089121, upload-time = "2026-08-21T23:25:42.019Z" },
    { url = "https://files.pythonhosted.org/packages/0b/56/030af62bea3cf878e0028515dff78c123b01633606a879b63f42d2db99cc/scipy-1.18.1-cp314-cp314-manylinux_2_27_aarch64.manylinux_2_28_aarch64.whl", hash = "sha256:2d3ab0e8c69a17dd3559eab8cbb88f258e285c94d572c2719033f90f83290c89", size = 34053851, upload-time = "2026-08-21T23:25:47.998Z" },
    { url = "https://files.pythonhosted.org/packages/6b/89/2a844506d49651e9aa1af6ef95b6bd8031cb1d5a4375edec6155037e04cf/scipy-1.18.1-cp314-cp314-manylinux_2_27_x86_64.manylinux_2_28_x86_64.whl", hash = "sha256:ac0333bdf38309aa3dcbe7e3fa7ea29e7a2c37c6ea306a757b700ded8e4596ad", size = 35329183, upload-time = "2026-08-21T23:25:53.522Z" },
    { url = "https://files.pythonhosted.org/packages/eb/56/c7370c3640e92ac9613cbf26cb3f729f9b12ddf1727b55b94b53b24d6f48/scipy-1.18.1-cp314-cp314-musllinux_1_2_aarch64.whl", hash = "sha256:911de823097db8b63f034299d12662db93344e6ffa0b881cbb57748974b70168", size = 35672551, upload-time = "2026-08-21T23:25:59.387Z" },
    { url = "https://files.pythonhosted.org/packages/24/16/ec8536f351421f8bf60a1120930638f83790f4710b8230446aca3d6159d4/scipy-1.18.1-cp314-cp314-musllinux_1_2_x86_64.whl", hash = "sha256:95298364e251be3e60249facbeeca03631d3bb7584f85879516ec55ac717b81f", size = 37469416, upload-time = "2026-08-21T23:26:05.432Z" },
    { url = "https://files.pythonhosted.org/packages/52/94/d73da0d28f16c45bb9b0a5691b91610b0275c5ef0eb5e43c87cf2dc1bf31/scipy-1.18.1-cp314-cp314-win_amd64.whl", hash = "sha256:78a0d7c918e74a232394117160e7e3db503377572a45bcef8826e4ab8a35feba", size = 37362755, upload-time = "2026-08-21T23:26:11.366Z" },
    { url = "https://files.pythonhosted.org/packages/89/25/e996e4dc74e10e227b1e14db5eaf6608bb6dd33884a64851c38f18dd4249/scipy-1.18.1-cp314-cp314-win_arm64.whl", hash = "sha256:cbf38d043c1aa4ab306e1ada6ab6eddacc3322a20b7af1b30bc93254b366fe09", size = 25036090, upload-time = "2026-08-21T23:26:15.887Z" },
    { url = "https://files.pythonhosted.org/packages/fa/c9/c00213f92309d753b48903e6a451b87eb52ff5b7a16e789d1568bbf221c4/scipy-1.18.1-cp314-cp314t-macosx_10_15_x86_64.whl", hash = "sha256:0fcb3c93519f27bb4f0c4b0f7802cdcaca7fcf93267b75edda2e9f4e8a55cbd7", size = 31485550, upload-time = "2026-08-21T23:26:20.776Z" },
    { url = "https://files.pythonhosted.org/packages/74/b2/e3067c487982d4eeab2938928529410370c06fea84a4d3f4925e7d96647d/scipy-1.18.1-cp314-cp314t-macosx_12_0_arm64.whl", hash = "sha256:ddef79fb382df40104a19bb7151b3b23e57c1778fcf857c71ceecd9bd264513f", size = 29174642, upload-time = "2026-08-21T23:26:25.395Z" },
    { url = "https://files.pythonhosted.org/packages/d5/ab/374c9fe2d1ec014e576c781a4b5d8e1ba340e8f6b4638c16f711d2b194f0/scipy-1.18.1-cp314-cp314t-macosx_14_0_arm64.whl", hash = "sha256:0e82073ecc7acc6436fac4b31674109c7e1d3e596789767eda01258a8c9e8123", size = 20916357, upload-time = "2026-08-21T23:26:30.112Z" },
    { url = "https://files.pythonhosted.org/packages/90/38/223915c88a17317cafbf8ca2a42b11c265a9fb1e804aa665544132b5fe8a/scipy-1.18.1-cp314-cp314t-macosx_14_0_x86_64.whl", hash = "sha256:8bcf3c1ba5d6456e2effd30fcbd3459b044d683fcdac79a2e6830f0bdf7de487", size = 23482611, upload-time = "2026-08-21T23:26:34.846Z" },
    { url = "https://files.pythonhosted.org/packages/c4/d1/db0948da8ca57a80b36520ef0a768b967d99f3af65f4b6f1bf6362ad4dd4/scipy-1.18.1-cp314-cp314t-manylinux_2_27_aarch64.manylinux_2_28_aarch64.whl", hash = "sha256:cfbf154f2ba187f2ed6cce2639efff7d105f1140573642c0161615b6d91d6a87", size = 34143202, upload-time = "2026-08-21T23:26:40.4Z" },
    { url = "https://files.pythonhosted.org/packages/87/53/39d046cc7574ed6acacb6bd5723e220107ece80bff12faaf3efc4ddeede4/scipy-1.18.1-cp314-cp314t-manylinux_2_27_x86_64.manylinux_2_28_x86_64.whl", hash = "sha256:a1d33a7836f7ddc1993427966a0823468ec41bcbdb1a9f9942d1d7e57f803ba3", size = 35380876, upload-time = "2026-08-21T23:26:46.1Z" },
    { url = "https://files.pythonhosted.org/packages/f9/da/32e0e799d875a85ca57d9bde6c78148afcc0e38276df683d95854eadc8c3/scipy-1.18.1-cp314-cp314t-musllinux_1_2_aarch64.whl", hash = "sha256:7f4b8bc363b6d65ee2152bec57568e3c52639bb34c46057b09857a307ed5e21d", size = 35770885, upload-time = "2026-08-21T23:26:51.533Z" },
    { url = "https://files.pythonhosted.org/packages/88/2e/f97a666d362fee68b18f41c9c30ed502ca5c98b549749bfcb52a8b74d1eb/scipy-1.18.1-cp314-cp314t-musllinux_1_2_x86_64.whl", hash = "sha256:11c423f1049c5755ad4409af52a9ada1cff96fe9b50795d4af3619f292901239", size = 37525424, upload-time = "2026-08-21T23:26:56.751Z" },
    { url = "https://files.pythonhosted.org/packages/ca/d5/a9e765a84654ebba8479a1fd1b059ced1af72b168a3b2a3a46540ea38d20/scipy-1.18.1-cp314-cp314t-win_amd64.whl", hash = "sha256:c24acac1e18912761c4700239bbc1fd32f615af690f1584d49b35859be51324d", size = 37416961, upload-time = "2026-08-21T23:27:01.546Z" },
    { url = "https://files.pythonhosted.org/packages/ee/16/e79e0d1c63ef698879d85439d37e9fb434e3b804e506a6991038d086ebd9/scipy-1.18.1-cp314-cp314t-win_arm64.whl", hash = "sha256:9f2897bf7737392ad0d5213ea7b6add72a4edf5679b3153106aeb88b6507b3b9", size = 25331848, upload-time = "2026-08-21T23:27:05.884Z" },
    { url = "https://files.pythonhosted.org/packages/be/4f/1bd37c883b67163e2ca1f60977a399500e6879c15defecac62831c8d078d/scipy-1.18.1-cp315-cp315-macosx_10_15_x86_64.whl", hash = "sha256:eb0dfcf4e28a99c12c999744a2ff67c9b06200e20401c7c88186e33552a46331", size = 31091484, upload-time = "2026-08-21T23:27:11.051Z" },
    { url = "https://files.pythonhosted.org/packages/8c/c5/ba929d7feb9b2332f96827c12e0e924b61973b59b4dea383b603372c65ce/scipy-1.18.1-cp315-cp315-macosx_12_0_arm64.whl", hash = "sha256:30f464bee641fa8e282577c7dce027308403213c6ca8270bba73285c91024bc5", size = 28725057, upload-time = "2026-08-21T23:27:15.9Z" },
    { url = "https://files.pythonhosted.org/packages/a4/19/68f1c50f609d955d230e66d25d02bd3e1e167ec540232135354fb9a4b9e3/scipy-1.18.1-cp315-cp315-macosx_14_0_arm64.whl", hash = "sha256:1bca3b943fc2567ea49cd02c99abde49da4d5178ec46f624bd8255cda8755beb", size = 20466734, upload-time = "2026-08-21T23:27:20.044Z" },
    { url = "https://files.pythonhosted.org/packages/ef/6d/319fa29b73d1802fa80b32a6eaf3f5be456ef81526da2716a9493bcb5501/scipy-1.18.1-cp315-cp315-macosx_14_0_x86_64.whl", hash = "sha256:c9d18a33309122074ea483dd92dd444189166b8b2ec429fe9ed5ac73c7a0aa23", size = 23089664, upload-time = "2026-08-21T23:27:24.345Z" },
    { url = "https://files.pythonhosted.org/packages/b7/db/30992f9b51a63de671daf3888ffd18378b6cb9ec9f2c972264238ffa7fd6/scipy-1.18.1-cp315-cp315-manylinux_2_27_aarch64.manylinux_2_28_aarch64.whl", hash = "sha256:82f201b4c878551d48558337aab270d3c6cca5507b8737c8d8a608d234cccde0", size = 34054035, upload-time = "2026-08-21T23:27:29.409Z" },
    { url = "https://files.pythonhosted.org/packages/91/d4/bf3e735dc0b9d5a8ff45079d2540e17d3aff7a2f0048dd8f552ffd031d2b/scipy-1.18.1-cp315-cp315-manylinux_2_27_x86_64.manylinux_2_28_x86_64.whl", hash = "sha256:0ac49ea97594532dd44b7136094d35f5440fa06e6d9c6384a74c01764df388c5", size = 35333883, upload-time = "2026-08-21T23:27:34.293Z" },
    { url = "https://files.pythonhosted.org/packages/19/93/12d78ce9f871fe945fca588d32644e6e63f553c2a35c564d73f3b22a3313/scipy-1.18.1-cp315-cp315-musllinux_1_2_aarch64.whl", hash = "sha256:ceb30a00ce7c92d459819443d29ca486d882b83fb6738bdcbb2a1cce94ac5daa", size = 35673124, upload-time = "2026-08-21T23:27:39.059Z" },
    { url = "https://files.pythonhosted.org/packages/70/cd/886219313a1012a48e6ae0ec4f302c837151beb92e1ff0d709ef8fdfc488/scipy-1.18.1-cp315-cp315-musllinux_1_2_x86_64.whl", hash = "sha256:f29633129f9fa7e88a3f0fca835de2d030bfc9643f7799e1a0c46cee24d38fc7", size = 37470753, upload-time = "2026-08-21T23:27:44.435Z" },
    { url = "https://files.pythonhosted.org/packages/17/6c/a776888ce618bee54fbde26172f0f46ac1da70d27b63861797fe78e1904b/scipy-1.18.1-cp315-cp315-win_amd64.whl", hash = "sha256:92c14f5bdbfb6216315ce33e78080474082de8b3830122ba97809bfbe65f75c0", size = 37361483, upload-time = "2026-08-21T23:27:49.334Z" },
    { url = "https://files.pythonhosted.org/packages/ab/09/97b651691322ebee97999b017ffc18a15a0b815103844c97e8da9d469731/scipy-1.18.1-cp315-cp315-win_arm64.whl", hash = "sha256:e402cf31eb68f453dbb2d36fc6d722b33f24a55d68b2ae1d92fa6305ca71c298", size = 25035883, upload-time = "2026-08-21T23:27:53.596Z" },
    { url = "https://files.pythonhosted.org/packages/ed/0f/9ec20467bbabd0d44e2a77d0fd3d124f884b4d67df92af82c91d2d6a486f/scipy-1.18.1-cp315-cp315t-macosx_10_15_x86_64.whl", hash = "sha256:2a0b02f9fc46f8520330c23d45e6560db7e3a0d927232139427637f98943e11d", size = 31474926, upload-time = "2026-08-21T23:27:57.993Z" },
    { url = "https://files.pythonhosted.org/packages/8a/58/dcb79161e56efbedc50079fcd2f5fe427a0ebb53022eb476aa73c015ad8f/scipy-1.18.1-cp315-cp315t-macosx_12_0_arm64.whl", hash = "sha256:1d73131e358976663dd969e1fb4ed1404b815cd977eaaedc3b3a133ba2d81c35", size = 29164940, upload-time = "2026-08-21T23:28:03.062Z" },
    { url = "https://files.pythonhosted.org/packages/71/d3/1eeea80c817fcb8ef7bd4a05a58824977a0e57a375cfc3d7ea7c911c01ad/scipy-1.18.1-cp315-cp315t-macosx_14_0_arm64.whl", hash = "sha256:bff0b729edd992766136b34e39cc76bc2fad905aa58897ee72a9cd000a6d8443", size = 20906742, upload-time = "2026-08-21T23:28:07.642Z" },
    { url = "https://files.pythonhosted.org/packages/54/46/e59350428b6099301a20128108c995e2eb175a43f383af9a346e38824f9b/scipy-1.18.1-cp315-cp315t-macosx_14_0_x86_64.whl", hash = "sha256:10ac20c69d880f77f375db44c22e3e6a644f9fefa291d4cd2fb9790a89fc99fd", size = 23472183, upload-time = "2026-08-21T23:28:12.109Z" },
    { url = "https://files.pythonhosted.org/packages/89/31/cc91623fa98f0621766a0f0aaaadb2c66de74a7ea7e3837164f6e4354260/scipy-1.18.1-cp315-cp315t-manylinux_2_27_aarch64.manylinux_2_28_aarch64.whl", hash = "sha256:33a834464fdabc0f26a45508df31b3cc5d028e04dbf6c5ed398541418e0a12fe", size = 34130796, upload-time = "2026-08-21T23:28:17.906Z" },
    { url = "https://files.pythonhosted.org/packages/fc/3e/8572ef536957ddb8aa81bb4090d9e25f257e3b4e05d97deb54319deb8a3a/scipy-1.18.1-cp315-cp315t-manylinux_2_27_x86_64.manylinux_2_28_x86_64.whl", hash = "sha256:49023963c193dacee096301452f223ee24d86ec5807f8df93c0f7221d119e305", size = 35374253, upload-time = "2026-08-21T23:28:23.732Z" },
    { url = "https://files.pythonhosted.org/packages/b5/c6/59fdeffb4f1435299f93d9dc8140b43ad2916e6cfc944be6c3041fcec86d/scipy-1.18.1-cp315-cp315t-musllinux_1_2_aarch64.whl", hash = "sha256:d84a09d0dad90ba6525d8ac1c2334b33e64bf3ccfe9e841f02feb867a22681e4", size = 35758543, upload-time = "2026-08-21T23:28:29.431Z" },
    { url = "https://files.pythonhosted.org/packages/cf/d9/135be205d9de8783193aff9cc3bf483a03a38e4b29432c954e8cb66ac14e/scipy-1.18.1-cp315-cp315t-musllinux_1_2_x86_64.whl", hash = "sha256:179ce34a8d0fe273d8883ba59e17e052247d08973dfcb743ca52bb1cce2d60b0", size = 37521946, upload-time = "2026-08-21T23:28:35.245Z" },
    { url = "https://files.pythonhosted.org/packages/5c/a2/5b7d5270621ab7cfa3f7766067bf95dc360b5efb6394694e8143b4156e2b/scipy-1.18.1-cp315-cp315t-win_amd64.whl", hash = "sha256:5632e3ae3d09197c446310cd5187de63e28448ce22f0f67b2b93d97503c0c230", size = 37408295, upload-time = "2026-08-21T23:28:40.724Z" },
    { url = "https://files.pythonhosted.org/packages/63/ad/741c19fcb66755ff953daf9243af8480e4bf3d7fbe57583c178c7d2b6b51/scipy-1.18.1-cp315-cp315t-win_arm64.whl", hash = "sha256:eda632a7981f69730d6281f451db9c1c370993a2c0d7ddb43e2a809a2862b83a", size = 25319710, upload-time = "2026-08-21T23:28:45.713Z" },
]

[[package]]
name = "stevedore"
version = "5.9.1"
source = { registry = "https://pypi.org/simple" }
sdist = { url = "https://files.pythonhosted.org/packages/db/a1/3b8ed9c1fc3aa6eebb57732d924ddaa0500ecc3b638d0454816320994383/stevedore-5.9.1.tar.gz", hash = "sha256:e97a2667923efda926e8713fde6a73616df68210a3cbc6f02b48967b676fd8bf", size = 518111, upload-time = "2026-08-20T15:25:14.754Z" }
wheels = [
    { url = "https://files.pythonhosted.org/packages/c5/97/bba6e7ec2f5498b9dcb7b1b6400086b80ae5a8ebaff4b25e8c8add75f439/stevedore-5.9.1-py3-none-any.whl", hash = "sha256:5c8ff3a9f336cc1a06ac0f597bc79d11a2f950bfd32e290ca56b5a301fafafbf", size = 54931, upload-time = "2026-08-20T15:25:13.602Z" },
]

[[package]]
name = "typing-extensions"
version = "4.16.0"
source = { registry = "https://pypi.org/simple" }
sdist = { url = "https://files.pythonhosted.org/packages/f6/cc/6253133b5bb138fc3306cebfbda2c520f545d36b5be2c7255cc528bb45d6/typing_extensions-4.16.0.tar.gz", hash = "sha256:dc983d19a509c94dba722ee6abd33940f7c05a89e243c47e907eb4db6f1a43e5", size = 113555, upload-time = "2026-07-02T08:40:05.92Z" }
wheels = [
    { url = "https://files.pythonhosted.org/packages/49/d3/b8441a820a491ddfc024b0b0cf0393375b75ea13866d9c66727e54c2fc80/typing_extensions-4.16.0-py3-none-any.whl", hash = "sha256:481caa481374e813c1b176ada14e97f1f67a4539ce9cfeb3f350d78d6370c2e8", size = 45571, upload-time = "2026-07-02T08:40:04.659Z" },
]
